
Microsoft Visual Studio Solution File, Format Version 12.00
# Visual Studio Version 16
VisualStudioVersion = 16.0.30517.126
MinimumVisualStudioVersion = 10.0.40219.1
Project("{2150E333-8FDC-42A3-9474-1A3956D46DE8}") = "Application", "Application", "{7F57A29C-EEB5-4582-8A52-35EA36705A46}"
EndProject
Project("{2150E333-8FDC-42A3-9474-1A3956D46DE8}") = "Domain", "Domain", "{E3A9326C-E3F7-4619-B572-872E22A53FC3}"
EndProject
Project("{2150E333-8FDC-42A3-9474-1A3956D46DE8}") = "Infra.Data", "Infra.Data", "{A04E1B95-274B-46BE-BE6F-23DF86856A31}"
EndProject
Project("{2150E333-8FDC-42A3-9474-1A3956D46DE8}") = "Infra.IOC", "Infra.IOC", "{EB58DF37-FFA4-4CFE-85FF-D97FCF364E41}"
EndProject
Project("{2150E333-8FDC-42A3-9474-1A3956D46DE8}") = "Peresentation", "Peresentation", "{28E6F534-C4E4-4716-A5C2-BA6FBF5E7770}"
EndProject
Project("{FAE04EC0-301F-11D3-BF4B-00C04F79EFBC}") = "CleanArchProj", "CleanArchProj\CleanArchProj.csproj", "{69317DDD-0B2B-4826-8926-B53E64B7833A}"
EndProject
Global
	GlobalSection(SolutionConfigurationPlatforms) = preSolution
		Debug|Any CPU = Debug|Any CPU
		Release|Any CPU = Release|Any CPU
	EndGlobalSection
	GlobalSection(ProjectConfigurationPlatforms) = postSolution
		{69317DDD-0B2B-4826-8926-B53E64B7833A}.Debug|Any CPU.ActiveCfg = Debug|Any CPU
		{69317DDD-0B2B-4826-8926-B53E64B7833A}.Debug|Any CPU.Build.0 = Debug|Any CPU
		{69317DDD-0B2B-4826-8926-B53E64B7833A}.Release|Any CPU.ActiveCfg = Release|Any CPU
		{69317DDD-0B2B-4826-8926-B53E64B7833A}.Release|Any CPU.Build.0 = Release|Any CPU
	EndGlobalSection
	GlobalSection(SolutionProperties) = preSolution
		HideSolutionNode = FALSE
	EndGlobalSection
	GlobalSection(NestedProjects) = preSolution
		{69317DDD-0B2B-4826-8926-B53E64B7833A} = {28E6F534-C4E4-4716-A5C2-BA6FBF5E7770}
	EndGlobalSection
	GlobalSection(ExtensibilityGlobals) = postSolution
		SolutionGuid = {152E2AA0-32B5-4513-B91E-FFCD01FB65DF}
	EndGlobalSection
EndGlobal
